// !$*UTF8*$!
{
	archiveVersion = 1;
	classes = {
	};
	objectVersion = 46;
	objects = {

/* Begin PBXBuildFile section */
		7B667C961B8D7AC80036E98A /* VendingMachine.h in Headers */ = {isa = PBXBuildFile; fileRef = 7B667C951B8D7AC80036E98A /* VendingMachine.h */; settings = {ATTRIBUTES = (Public, ); }; };
		7B667C9D1B8D7AC80036E98A /* VendingMachine.framework in Frameworks */ = {isa = PBXBuildFile; fileRef = 7B667C921B8D7AC80036E98A /* VendingMachine.framework */; };
		7B667CA21B8D7AC80036E98A /* VendingMachineAcceptCoinsTests.swift in Sources */ = {isa = PBXBuildFile; fileRef = 7B667CA11B8D7AC80036E98A /* VendingMachineAcceptCoinsTests.swift */; };
		7B667CAD1B8D7C3A0036E98A /* VendingMachine.swift in Sources */ = {isa = PBXBuildFile; fileRef = 7B667CAC1B8D7C3A0036E98A /* VendingMachine.swift */; };
		7B667CB61B8DCDDE0036E98A /* VendingMachineSelectProductTests.swift in Sources */ = {isa = PBXBuildFile; fileRef = 7B667CB51B8DCDDE0036E98A /* VendingMachineSelectProductTests.swift */; };
		7BB1183B1B8EB5C0008D9F8A /* VendingMachineMakeChange.swift in Sources */ = {isa = PBXBuildFile; fileRef = 7BB1183A1B8EB5C0008D9F8A /* VendingMachineMakeChange.swift */; settings = {ASSET_TAGS = (); }; };
		7BB1183D1B8EBE7C008D9F8A /* NSDecimalNumber.swift in Sources */ = {isa = PBXBuildFile; fileRef = 7BB1183C1B8EBE7C008D9F8A /* NSDecimalNumber.swift */; settings = {ASSET_TAGS = (); }; };
/* End PBXBuildFile section */

/* Begin PBXContainerItemProxy section */
		7B667C9E1B8D7AC80036E98A /* PBXContainerItemProxy */ = {
			isa = PBXContainerItemProxy;
			containerPortal = 7B667C891B8D7AC80036E98A /* Project object */;
			proxyType = 1;
			remoteGlobalIDString = 7B667C911B8D7AC80036E98A;
			remoteInfo = VendingMachine;
		};
/* End PBXContainerItemProxy section */

/* Begin PBXFileReference section */
		7B667C921B8D7AC80036E98A /* VendingMachine.framework */ = {isa = PBXFileReference; explicitFileType = wrapper.framework; includeInIndex = 0; path = VendingMachine.framework; sourceTree = BUILT_PRODUCTS_DIR; };
		7B667C951B8D7AC80036E98A /* VendingMachine.h */ = {isa = PBXFileReference; lastKnownFileType = sourcecode.c.h; path = VendingMachine.h; sourceTree = "<group>"; };
		7B667C971B8D7AC80036E98A /* Info.plist */ = {isa = PBXFileReference; lastKnownFileType = text.plist.xml; path = Info.plist; sourceTree = "<group>"; };
		7B667C9C1B8D7AC80036E98A /* VendingMachineTests.xctest */ = {isa = PBXFileReference; explicitFileType = wrapper.cfbundle; includeInIndex = 0; path = VendingMachineTests.xctest; sourceTree = BUILT_PRODUCTS_DIR; };
		7B667CA11B8D7AC80036E98A /* VendingMachineAcceptCoinsTests.swift */ = {isa = PBXFileReference; lastKnownFileType = sourcecode.swift; path = VendingMachineAcceptCoinsTests.swift; sourceTree = "<group>"; };
		7B667CA31B8D7AC80036E98A /* Info.plist */ = {isa = PBXFileReference; lastKnownFileType = text.plist.xml; path = Info.plist; sourceTree = "<group>"; };
		7B667CAC1B8D7C3A0036E98A /* VendingMachine.swift */ = {isa = PBXFileReference; fileEncoding = 4; lastKnownFileType = sourcecode.swift; path = VendingMachine.swift; sourceTree = "<group>"; };
		7B667CB51B8DCDDE0036E98A /* VendingMachineSelectProductTests.swift */ = {isa = PBXFileReference; fileEncoding = 4; lastKnownFileType = sourcecode.swift; path = VendingMachineSelectProductTests.swift; sourceTree = "<group>"; };
		7BB1183A1B8EB5C0008D9F8A /* VendingMachineMakeChange.swift */ = {isa = PBXFileReference; fileEncoding = 4; lastKnownFileType = sourcecode.swift; path = VendingMachineMakeChange.swift; sourceTree = "<group>"; };
		7BB1183C1B8EBE7C008D9F8A /* NSDecimalNumber.swift */ = {isa = PBXFileReference; fileEncoding = 4; lastKnownFileType = sourcecode.swift; path = NSDecimalNumber.swift; sourceTree = "<group>"; };
/* End PBXFileReference section */

/* Begin PBXFrameworksBuildPhase section */
		7B667C8E1B8D7AC80036E98A /* Frameworks */ = {
			isa = PBXFrameworksBuildPhase;
			buildActionMask = 2147483647;
			files = (
			);
			runOnlyForDeploymentPostprocessing = 0;
		};
		7B667C991B8D7AC80036E98A /* Frameworks */ = {
			isa = PBXFrameworksBuildPhase;
			buildActionMask = 2147483647;
			files = (
				7B667C9D1B8D7AC80036E98A /* VendingMachine.framework in Frameworks */,
			);
			runOnlyForDeploymentPostprocessing = 0;
		};
/* End PBXFrameworksBuildPhase section */

/* Begin PBXGroup section */
		7B667C881B8D7AC80036E98A = {
			isa = PBXGroup;
			children = (
				7B667C941B8D7AC80036E98A /* VendingMachine */,
				7B667CA01B8D7AC80036E98A /* VendingMachineTests */,
				7B667C931B8D7AC80036E98A /* Products */,
			);
			sourceTree = "<group>";
		};
		7B667C931B8D7AC80036E98A /* Products */ = {
			isa = PBXGroup;
			children = (
				7B667C921B8D7AC80036E98A /* VendingMachine.framework */,
				7B667C9C1B8D7AC80036E98A /* VendingMachineTests.xctest */,
			);
			name = Products;
			sourceTree = "<group>";
		};
		7B667C941B8D7AC80036E98A /* VendingMachine */ = {
			isa = PBXGroup;
			children = (
				7B667CAC1B8D7C3A0036E98A /* VendingMachine.swift */,
				7BB1183C1B8EBE7C008D9F8A /* NSDecimalNumber.swift */,
				7B667C951B8D7AC80036E98A /* VendingMachine.h */,
				7B667C971B8D7AC80036E98A /* Info.plist */,
			);
			path = VendingMachine;
			sourceTree = "<group>";
		};
		7B667CA01B8D7AC80036E98A /* VendingMachineTests */ = {
			isa = PBXGroup;
			children = (
				7B667CA11B8D7AC80036E98A /* VendingMachineAcceptCoinsTests.swift */,
				7B667CB51B8DCDDE0036E98A /* VendingMachineSelectProductTests.swift */,
				7BB1183A1B8EB5C0008D9F8A /* VendingMachineMakeChange.swift */,
				7B667CA31B8D7AC80036E98A /* Info.plist */,
			);
			path = VendingMachineTests;
			sourceTree = "<group>";
		};
/* End PBXGroup section */

/* Begin PBXHeadersBuildPhase section */
		7B667C8F1B8D7AC80036E98A /* Headers */ = {
			isa = PBXHeadersBuildPhase;
			buildActionMask = 2147483647;
			files = (
				7B667C961B8D7AC80036E98A /* VendingMachine.h in Headers */,
			);
			runOnlyForDeploymentPostprocessing = 0;
		};
/* End PBXHeadersBuildPhase section */

/* Begin PBXNativeTarget section */
		7B667C911B8D7AC80036E98A /* VendingMachine */ = {
			isa = PBXNativeTarget;
			buildConfigurationList = 7B667CA61B8D7AC80036E98A /* Build configuration list for PBXNativeTarget "VendingMachine" */;
			buildPhases = (
				7B667C8D1B8D7AC80036E98A /* Sources */,
				7B667C8E1B8D7AC80036E98A /* Frameworks */,
				7B667C8F1B8D7AC80036E98A /* Headers */,
				7B667C901B8D7AC80036E98A /* Resources */,
			);
			buildRules = (
			);
			dependencies = (
			);
			name = VendingMachine;
			productName = VendingMachine;
			productReference = 7B667C921B8D7AC80036E98A /* VendingMachine.framework */;
			productType = "com.apple.product-type.framework";
		};
		7B667C9B1B8D7AC80036E98A /* VendingMachineTests */ = {
			isa = PBXNativeTarget;
			buildConfigurationList = 7B667CA91B8D7AC80036E98A /* Build configuration list for PBXNativeTarget "VendingMachineTests" */;
			buildPhases = (
				7B667C981B8D7AC80036E98A /* Sources */,
				7B667C991B8D7AC80036E98A /* Frameworks */,
				7B667C9A1B8D7AC80036E98A /* Resources */,
			);
			buildRules = (
			);
			dependencies = (
				7B667C9F1B8D7AC80036E98A /* PBXTargetDependency */,
			);
			name = VendingMachineTests;
			productName = VendingMachineTests;
			productReference = 7B667C9C1B8D7AC80036E98A /* VendingMachineTests.xctest */;
			productType = "com.apple.product-type.bundle.unit-test";
		};
/* End PBXNativeTarget section */

/* Begin PBXProject section */
		7B667C891B8D7AC80036E98A /* Project object */ = {
			isa = PBXProject;
			attributes = {
				LastSwiftUpdateCheck = 0700;
				LastUpgradeCheck = 0700;
				ORGANIZATIONNAME = "JLT Source";
				TargetAttributes = {
					7B667C911B8D7AC80036E98A = {
						CreatedOnToolsVersion = 7.0;
					};
					7B667C9B1B8D7AC80036E98A = {
						CreatedOnToolsVersion = 7.0;
					};
				};
			};
			buildConfigurationList = 7B667C8C1B8D7AC80036E98A /* Build configuration list for PBXProject "VendingMachine" */;
			compatibilityVersion = "Xcode 3.2";
			developmentRegion = English;
			hasScannedForEncodings = 0;
			knownRegions = (
				en,
			);
			mainGroup = 7B667C881B8D7AC80036E98A;
			productRefGroup = 7B667C931B8D7AC80036E98A /* Products */;
			projectDirPath = "";
			projectRoot = "";
			targets = (
				7B667C911B8D7AC80036E98A /* VendingMachine */,
				7B667C9B1B8D7AC80036E98A /* VendingMachineTests */,
			);
		};
/* End PBXProject section */

/* Begin PBXResourcesBuildPhase section */
		7B667C901B8D7AC80036E98A /* Resources */ = {
			isa = PBXResourcesBuildPhase;
			buildActionMask = 2147483647;
			files = (
			);
			runOnlyForDeploymentPostprocessing = 0;
		};
		7B667C9A1B8D7AC80036E98A /* Resources */ = {
			isa = PBXResourcesBuildPhase;
			buildActionMask = 2147483647;
			files = (
			);
			runOnlyForDeploymentPostprocessing = 0;
		};
/* End PBXResourcesBuildPhase section */

/* Begin PBXSourcesBuildPhase section */
		7B667C8D1B8D7AC80036E98A /* Sources */ = {
			isa = PBXSourcesBuildPhase;
			buildActionMask = 2147483647;
			files = (
				7B667CAD1B8D7C3A0036E98A /* VendingMachine.swift in Sources */,
				7BB1183D1B8EBE7C008D9F8A /* NSDecimalNumber.swift in Sources */,
			);
			runOnlyForDeploymentPostprocessing = 0;
		};
		7B667C981B8D7AC80036E98A /* Sources */ = {
			isa = PBXSourcesBuildPhase;
			buildActionMask = 2147483647;
			files = (
				7BB1183B1B8EB5C0008D9F8A /* VendingMachineMakeChange.swift in Sources */,
				7B667CA21B8D7AC80036E98A /* VendingMachineAcceptCoinsTests.swift in Sources */,
				7B667CB61B8DCDDE0036E98A /* VendingMachineSelectProductTests.swift in Sources */,
			);
			runOnlyForDeploymentPostprocessing = 0;
		};
/* End PBXSourcesBuildPhase section */

/* Begin PBXTargetDependency section */
		7B667C9F1B8D7AC80036E98A /* PBXTargetDependency */ = {
			isa = PBXTargetDependency;
			target = 7B667C911B8D7AC80036E98A /* VendingMachine */;
			targetProxy = 7B667C9E1B8D7AC80036E98A /* PBXContainerItemProxy */;
		};
/* End PBXTargetDependency section */

/* Begin XCBuildConfiguration section */
		7B667CA41B8D7AC80036E98A /* Debug */ = {
			isa = XCBuildConfiguration;
			buildSettings = {
				ALWAYS_SEARCH_USER_PATHS = NO;
				CLANG_CXX_LANGUAGE_STANDARD = "gnu++0x";
				CLANG_CXX_LIBRARY = "libc++";
				CLANG_ENABLE_MODULES = YES;
				CLANG_ENABLE_OBJC_ARC = YES;
				CLANG_WARN_BOOL_CONVERSION = YES;
				CLANG_WARN_CONSTANT_CONVERSION = YES;
				CLANG_WARN_DIRECT_OBJC_ISA_USAGE = YES_ERROR;
				CLANG_WARN_EMPTY_BODY = YES;
				CLANG_WARN_ENUM_CONVERSION = YES;
				CLANG_WARN_INT_CONVERSION = YES;
				CLANG_WARN_OBJC_ROOT_CLASS = YES_ERROR;
				CLANG_WARN_UNREACHABLE_CODE = YES;
				CLANG_WARN__DUPLICATE_METHOD_MATCH = YES;
				COPY_PHASE_STRIP = NO;
				CURRENT_PROJECT_VERSION = 1;
				DEBUG_INFORMATION_FORMAT = dwarf;
				ENABLE_STRICT_OBJC_MSGSEND = YES;
				ENABLE_TESTABILITY = YES;
				GCC_C_LANGUAGE_STANDARD = gnu99;
				GCC_DYNAMIC_NO_PIC = NO;
				GCC_NO_COMMON_BLOCKS = YES;
				GCC_OPTIMIZATION_LEVEL = 0;
				GCC_PREPROCESSOR_DEFINITIONS = (
					"DEBUG=1",
					"$(inherited)",
				);
				GCC_WARN_64_TO_32_BIT_CONVERSION = YES;
				GCC_WARN_ABOUT_RETURN_TYPE = YES_ERROR;
				GCC_WARN_UNDECLARED_SELECTOR = YES;
				GCC_WARN_UNINITIALIZED_AUTOS = YES_AGGRESSIVE;
				GCC_WARN_UNUSED_FUNCTION = YES;
				GCC_WARN_UNUSED_VARIABLE = YES;
				MACOSX_DEPLOYMENT_TARGET = 10.10;
				MTL_ENABLE_DEBUG_INFO = YES;
				ONLY_ACTIVE_ARCH = YES;
				SDKROOT = macosx;
				SWIFT_OPTIMIZATION_LEVEL = "-Onone";
				VERSIONING_SYSTEM = "apple-generic";
				VERSION_INFO_PREFIX = "";
			};
			name = Debug;
		};
		7B667CA51B8D7AC80036E98A /* Release */ = {
			isa = XCBuildConfiguration;
			buildSettings = {
				ALWAYS_SEARCH_USER_PATHS = NO;
				CLANG_CXX_LANGUAGE_STANDARD = "gnu++0x";
				CLANG_CXX_LIBRARY = "libc++";
				CLANG_ENABLE_MODULES = YES;
				CLANG_ENABLE_OBJC_ARC = YES;
				CLANG_WARN_BOOL_CONVERSION = YES;
				CLANG_WARN_CONSTANT_CONVERSION = YES;
				CLANG_WARN_DIRECT_OBJC_ISA_USAGE = YES_ERROR;
				CLANG_WARN_EMPTY_BODY = YES;
				CLANG_WARN_ENUM_CONVERSION = YES;
				CLANG_WARN_INT_CONVERSION = YES;
				CLANG_WARN_OBJC_ROOT_CLASS = YES_ERROR;
				CLANG_WARN_UNREACHABLE_CODE = YES;
				CLANG_WARN__DUPLICATE_METHOD_MATCH = YES;
				COPY_PHASE_STRIP = NO;
				CURRENT_PROJECT_VERSION = 1;
				DEBUG_INFORMATION_FORMAT = "dwarf-with-dsym";
				ENABLE_NS_ASSERTIONS = NO;
				ENABLE_STRICT_OBJC_MSGSEND = YES;
				GCC_C_LANGUAGE_STANDARD = gnu99;
				GCC_NO_COMMON_BLOCKS = YES;
				GCC_WARN_64_TO_32_BIT_CONVERSION = YES;
				GCC_WARN_ABOUT_RETURN_TYPE = YES_ERROR;
				GCC_WARN_UNDECLARED_SELECTOR = YES;
				GCC_WARN_UNINITIALIZED_AUTOS = YES_AGGRESSIVE;
				GCC_WARN_UNUSED_FUNCTION = YES;
				GCC_WARN_UNUSED_VARIABLE = YES;
				MACOSX_DEPLOYMENT_TARGET = 10.10;
				MTL_ENABLE_DEBUG_INFO = NO;
				SDKROOT = macosx;
				VERSIONING_SYSTEM = "apple-generic";
				VERSION_INFO_PREFIX = "";
			};
			name = Release;
		};
		7B667CA71B8D7AC80036E98A /* Debug */ = {
			isa = XCBuildConfiguration;
			buildSettings = {
				CLANG_ENABLE_MODULES = YES;
				COMBINE_HIDPI_IMAGES = YES;
				DEFINES_MODULE = YES;
				DYLIB_COMPATIBILITY_VERSION = 1;
				DYLIB_CURRENT_VERSION = 1;
				DYLIB_INSTALL_NAME_BASE = "@rpath";
				FRAMEWORK_VERSION = A;
				INFOPLIST_FILE = VendingMachine/Info.plist;
				INSTALL_PATH = "$(LOCAL_LIBRARY_DIR)/Frameworks";
				LD_RUNPATH_SEARCH_PATHS = "$(inherited) @executable_path/../Frameworks @loader_path/Frameworks";
				PRODUCT_BUNDLE_IDENTIFIER = com.jltsource.VendingMachine;
				PRODUCT_NAME = "$(TARGET_NAME)";
				SKIP_INSTALL = YES;
				SWIFT_OPTIMIZATION_LEVEL = "-Onone";
			};
			name = Debug;
		};
		7B667CA81B8D7AC80036E98A /* Release */ = {
			isa = XCBuildConfiguration;
			buildSettings = {
				CLANG_ENABLE_MODULES = YES;
				COMBINE_HIDPI_IMAGES = YES;
				DEFINES_MODULE = YES;
				DYLIB_COMPATIBILITY_VERSION = 1;
				DYLIB_CURRENT_VERSION = 1;
				DYLIB_INSTALL_NAME_BASE = "@rpath";
				FRAMEWORK_VERSION = A;
				INFOPLIST_FILE = VendingMachine/Info.plist;
				INSTALL_PATH = "$(LOCAL_LIBRARY_DIR)/Frameworks";
				LD_RUNPATH_SEARCH_PATHS = "$(inherited) @executable_path/../Frameworks @loader_path/Frameworks";
				PRODUCT_BUNDLE_IDENTIFIER = com.jltsource.VendingMachine;
				PRODUCT_NAME = "$(TARGET_NAME)";
				SKIP_INSTALL = YES;
			};
			name = Release;
		};
		7B667CAA1B8D7AC80036E98A /* Debug */ = {
			isa = XCBuildConfiguration;
			buildSettings = {
				COMBINE_HIDPI_IMAGES = YES;
				INFOPLIST_FILE = VendingMachineTests/Info.plist;
				LD_RUNPATH_SEARCH_PATHS = "$(inherited) @executable_path/../Frameworks @loader_path/../Frameworks";
				PRODUCT_BUNDLE_IDENTIFIER = com.jltsource.VendingMachineTests;
				PRODUCT_NAME = "$(TARGET_NAME)";
			};
			name = Debug;
		};
		7B667CAB1B8D7AC80036E98A /* Release */ = {
			isa = XCBuildConfiguration;
			buildSettings = {
				COMBINE_HIDPI_IMAGES = YES;
				INFOPLIST_FILE = VendingMachineTests/Info.plist;
				LD_RUNPATH_SEARCH_PATHS = "$(inherited) @executable_path/../Frameworks @loader_path/../Frameworks";
				PRODUCT_BUNDLE_IDENTIFIER = com.jltsource.VendingMachineTests;
				PRODUCT_NAME = "$(TARGET_NAME)";
			};
			name = Release;
		};
/* End XCBuildConfiguration section */

/* Begin XCConfigurationList section */
		7B667C8C1B8D7AC80036E98A /* Build configuration list for PBXProject "VendingMachine" */ = {
			isa = XCConfigurationList;
			buildConfigurations = (
				7B667CA41B8D7AC80036E98A /* Debug */,
				7B667CA51B8D7AC80036E98A /* Release */,
			);
			defaultConfigurationIsVisible = 0;
			defaultConfigurationName = Release;
		};
		7B667CA61B8D7AC80036E98A /* Build configuration list for PBXNativeTarget "VendingMachine" */ = {
			isa = XCConfigurationList;
			buildConfigurations = (
				7B667CA71B8D7AC80036E98A /* Debug */,
				7B667CA81B8D7AC80036E98A /* Release */,
			);
			defaultConfigurationIsVisible = 0;
			defaultConfigurationName = Release;
		};
		7B667CA91B8D7AC80036E98A /* Build configuration list for PBXNativeTarget "VendingMachineTests" */ = {
			isa = XCConfigurationList;
			buildConfigurations = (
				7B667CAA1B8D7AC80036E98A /* Debug */,
				7B667CAB1B8D7AC80036E98A /* Release */,
			);
			defaultConfigurationIsVisible = 0;
			defaultConfigurationName = Release;
		};
/* End XCConfigurationList section */
	};
	rootObject = 7B667C891B8D7AC80036E98A /* Project object */;
}
